{
  "version": 4,
  "terraform_version": "0.12.18",
  "serial": 1,
  "lineage": "cae1e527-f280-d657-fd18-9b8e3baba67d",
  "outputs": {},
  "resources": [
    {
      "mode": "data",
      "type": "aci_application_profile",
      "name": "demo-app",
      "provider": "provider.aci",
      "instances": [
        {
          "schema_version": 0,
          "attributes": {
            "annotation": "",
            "description": "",
            "id": "uni/tn-PartnerTraining2/ap-demo-application",
            "name": "demo-application",
            "name_alias": "",
            "prio": "unspecified",
            "tenant_dn": "uni/tn-PartnerTraining2"
          }
        }
      ]
    },
    {
      "mode": "data",
      "type": "aci_bridge_domain",
      "name": "demo-bd",
      "provider": "provider.aci",
      "instances": [
        {
          "schema_version": 0,
          "attributes": {
            "annotation": "",
            "arp_flood": "no",
            "bridge_domain_type": "regular",
            "description": "",
            "ep_clear": "no",
            "ep_move_detect_mode": "",
            "host_based_routing": "no",
            "id": "uni/tn-PartnerTraining2/BD-demo-bd",
            "intersite_bum_traffic_allow": "no",
            "intersite_l2_stretch": "no",
            "ip_learning": "yes",
            "ipv6_mcast_allow": "no",
            "limit_ip_learn_to_subnets": "yes",
            "ll_addr": "::",
            "mac": "00:22:BD:F8:19:FF",
            "mcast_allow": "no",
            "multi_dst_pkt_act": "bd-flood",
            "name": "demo-bd",
            "name_alias": "",
            "optimize_wan_bandwidth": "no",
            "tenant_dn": "uni/tn-PartnerTraining2",
            "unicast_route": "yes",
            "unk_mac_ucast_act": "proxy",
            "unk_mcast_act": "flood",
            "v6unk_mcast_act": "flood",
            "vmac": "not-applicable"
          }
        }
      ]
    },
    {
      "mode": "data",
      "type": "aci_tenant",
      "name": "demo",
      "provider": "provider.aci",
      "instances": [
        {
          "schema_version": 0,
          "attributes": {
            "annotation": "",
            "description": "Created by Terraform",
            "id": "uni/tn-PartnerTraining2",
            "name": "PartnerTraining2",
            "name_alias": ""
          }
        }
      ]
    },
    {
      "mode": "managed",
      "type": "aci_application_epg",
      "name": "app-epg",
      "provider": "provider.aci",
      "instances": [
        {
          "schema_version": 1,
          "attributes": {
            "annotation": "",
            "application_profile_dn": "uni/tn-PartnerTraining2/ap-demo-application",
            "description": "",
            "exception_tag": "",
            "flood_on_encap": "disabled",
            "fwd_ctrl": "",
            "has_mcast_source": "no",
            "id": "uni/tn-PartnerTraining2/ap-demo-application/epg-app",
            "is_attr_based_e_pg": "no",
            "match_t": "AtleastOne",
            "name": "app",
            "name_alias": "",
            "pc_enf_pref": "unenforced",
            "pref_gr_memb": "exclude",
            "prio": "unspecified",
            "relation_fv_rs_ae_pg_mon_pol": null,
            "relation_fv_rs_bd": "demo-bd",
            "relation_fv_rs_cons": null,
            "relation_fv_rs_cons_if": null,
            "relation_fv_rs_cust_qos_pol": "",
            "relation_fv_rs_dom_att": null,
            "relation_fv_rs_dpp_pol": null,
            "relation_fv_rs_fc_path_att": null,
            "relation_fv_rs_graph_def": null,
            "relation_fv_rs_intra_epg": null,
            "relation_fv_rs_node_att": null,
            "relation_fv_rs_path_att": null,
            "relation_fv_rs_prot_by": null,
            "relation_fv_rs_prov": null,
            "relation_fv_rs_prov_def": null,
            "relation_fv_rs_sec_inherited": null,
            "relation_fv_rs_trust_ctrl": null,
            "shutdown": "no"
          },
          "private": "eyJzY2hlbWFfdmVyc2lvbiI6IjEifQ=="
        }
      ]
    }
  ]
}
